
Microsoft Visual Studio Solution File, Format Version 12.00
# Visual Studio Version 16
VisualStudioVersion = 16.0.29411.108
MinimumVisualStudioVersion = 10.0.40219.1
Project("{FAE04EC0-301F-11D3-BF4B-00C04F79EFBC}") = "ThirteenSides.Common.Email", "ThirteenSides.Common.Email\ThirteenSides.Common.Email.csproj", "{8FC6F7B2-BDDE-46BD-A11C-CE8E0D42E3C8}"
EndProject
Project("{9A19103F-16F7-4668-BE54-9A1E7A4F7556}") = "ThirteenSides.Common.Tests", "ThirteenSides.Common.Tests\ThirteenSides.Common.Tests.csproj", "{8E974284-5B86-4657-8B8A-212553C8A429}"
EndProject
Project("{2150E333-8FDC-42A3-9474-1A3956D46DE8}") = "Docs", "Docs", "{D9E3F39F-1C42-4616-9EC4-2ECBA0C7DDC4}"
	ProjectSection(SolutionItems) = preProject
		..\..\README.md = ..\..\README.md
	EndProjectSection
EndProject
Global
	GlobalSection(SolutionConfigurationPlatforms) = preSolution
		Debug|Any CPU = Debug|Any CPU
		Release|Any CPU = Release|Any CPU
	EndGlobalSection
	GlobalSection(ProjectConfigurationPlatforms) = postSolution
		{8FC6F7B2-BDDE-46BD-A11C-CE8E0D42E3C8}.Debug|Any CPU.ActiveCfg = Debug|Any CPU
		{8FC6F7B2-BDDE-46BD-A11C-CE8E0D42E3C8}.Debug|Any CPU.Build.0 = Debug|Any CPU
		{8FC6F7B2-BDDE-46BD-A11C-CE8E0D42E3C8}.Release|Any CPU.ActiveCfg = Release|Any CPU
		{8FC6F7B2-BDDE-46BD-A11C-CE8E0D42E3C8}.Release|Any CPU.Build.0 = Release|Any CPU
		{8E974284-5B86-4657-8B8A-212553C8A429}.Debug|Any CPU.ActiveCfg = Debug|Any CPU
		{8E974284-5B86-4657-8B8A-212553C8A429}.Debug|Any CPU.Build.0 = Debug|Any CPU
		{8E974284-5B86-4657-8B8A-212553C8A429}.Release|Any CPU.ActiveCfg = Release|Any CPU
		{8E974284-5B86-4657-8B8A-212553C8A429}.Release|Any CPU.Build.0 = Release|Any CPU
	EndGlobalSection
	GlobalSection(SolutionProperties) = preSolution
		HideSolutionNode = FALSE
	EndGlobalSection
	GlobalSection(ExtensibilityGlobals) = postSolution
		SolutionGuid = {2CB87376-35AF-425B-87E2-E298E19CE590}
	EndGlobalSection
EndGlobal
